
Microsoft Visual Studio Solution File, Format Version 12.00
# Visual Studio Version 17
VisualStudioVersion = 17.3.32929.385
MinimumVisualStudioVersion = 10.0.40219.1
Project("{FAE04EC0-301F-11D3-BF4B-00C04F79EFBC}") = "NordpoolAppDamjan", "NordpoolAppDamjan\NordpoolAppDamjan.csproj", "{1C5CAEF5-5541-4A5F-897E-2CDAC5CBC83F}"
EndProject
Global
	GlobalSection(SolutionConfigurationPlatforms) = preSolution
		Debug|Any CPU = Debug|Any CPU
		Release|Any CPU = Release|Any CPU
	EndGlobalSection
	GlobalSection(ProjectConfigurationPlatforms) = postSolution
		{1C5CAEF5-5541-4A5F-897E-2CDAC5CBC83F}.Debug|Any CPU.ActiveCfg = Debug|Any CPU
		{1C5CAEF5-5541-4A5F-897E-2CDAC5CBC83F}.Debug|Any CPU.Build.0 = Debug|Any CPU
		{1C5CAEF5-5541-4A5F-897E-2CDAC5CBC83F}.Release|Any CPU.ActiveCfg = Release|Any CPU
		{1C5CAEF5-5541-4A5F-897E-2CDAC5CBC83F}.Release|Any CPU.Build.0 = Release|Any CPU
	EndGlobalSection
	GlobalSection(SolutionProperties) = preSolution
		HideSolutionNode = FALSE
	EndGlobalSection
	GlobalSection(ExtensibilityGlobals) = postSolution
		SolutionGuid = {09166F9F-EE52-449C-BE8D-FB9884C92B4B}
	EndGlobalSection
EndGlobal
